
Microsoft Visual Studio Solution File, Format Version 12.00
# Visual Studio Version 16
VisualStudioVersion = 16.0.30523.141
MinimumVisualStudioVersion = 10.0.40219.1
Project("{9A19103F-16F7-4668-BE54-9A1E7A4F7556}") = "Matrix Math", "Matrix Math\Matrix Math.csproj", "{10AA5817-155A-4BAA-9621-D02376928A52}"
EndProject
Project("{FAE04EC0-301F-11D3-BF4B-00C04F79EFBC}") = "Matrix_Test", "Matrix_Test\Matrix_Test.csproj", "{9CAE5534-F1B5-4C7B-AA71-86A2F4469F66}"
EndProject
Global
	GlobalSection(SolutionConfigurationPlatforms) = preSolution
		Debug|Any CPU = Debug|Any CPU
		Release|Any CPU = Release|Any CPU
	EndGlobalSection
	GlobalSection(ProjectConfigurationPlatforms) = postSolution
		{10AA5817-155A-4BAA-9621-D02376928A52}.Debug|Any CPU.ActiveCfg = Debug|Any CPU
		{10AA5817-155A-4BAA-9621-D02376928A52}.Debug|Any CPU.Build.0 = Debug|Any CPU
		{10AA5817-155A-4BAA-9621-D02376928A52}.Release|Any CPU.ActiveCfg = Release|Any CPU
		{10AA5817-155A-4BAA-9621-D02376928A52}.Release|Any CPU.Build.0 = Release|Any CPU
		{9CAE5534-F1B5-4C7B-AA71-86A2F4469F66}.Debug|Any CPU.ActiveCfg = Debug|Any CPU
		{9CAE5534-F1B5-4C7B-AA71-86A2F4469F66}.Debug|Any CPU.Build.0 = Debug|Any CPU
		{9CAE5534-F1B5-4C7B-AA71-86A2F4469F66}.Release|Any CPU.ActiveCfg = Release|Any CPU
		{9CAE5534-F1B5-4C7B-AA71-86A2F4469F66}.Release|Any CPU.Build.0 = Release|Any CPU
	EndGlobalSection
	GlobalSection(SolutionProperties) = preSolution
		HideSolutionNode = FALSE
	EndGlobalSection
	GlobalSection(ExtensibilityGlobals) = postSolution
		SolutionGuid = {ED3CC0B4-9E50-4570-A898-89AFDB1D05BF}
	EndGlobalSection
EndGlobal
